Microsoft Visual Studio Solution File, Format Version 12.00
# Visual Studio Version 17
VisualStudioVersion = 17.5.2.0
MinimumVisualStudioVersion = 10.0.40219.1
Project("{FAE04EC0-301F-11D3-BF4B-00C04F79EFBC}") = "src", "src\src.csproj", "{71C949B3-493C-9DFE-AB38-19C13C100153}"
EndProject
Project("{2150E333-8FDC-42A3-9474-1A3956D46DE8}") = "tests", "tests", "{0AB3BF05-4346-4AA6-1389-037BE0695223}"
EndProject
Project("{FAE04EC0-301F-11D3-BF4B-00C04F79EFBC}") = "SbReorder.Tests", "tests\SbReorder.Tests\SbReorder.Tests.csproj", "{AECBEAC1-3551-D6DE-7BFF-D7FB91513550}"
EndProject
Global
	GlobalSection(SolutionConfigurationPlatforms) = preSolution
		Debug|Any CPU = Debug|Any CPU
		Release|Any CPU = Release|Any CPU
	EndGlobalSection
	GlobalSection(ProjectConfigurationPlatforms) = postSolution
		{71C949B3-493C-9DFE-AB38-19C13C100153}.Debug|Any CPU.ActiveCfg = Debug|Any CPU
		{71C949B3-493C-9DFE-AB38-19C13C100153}.Debug|Any CPU.Build.0 = Debug|Any CPU
		{71C949B3-493C-9DFE-AB38-19C13C100153}.Release|Any CPU.ActiveCfg = Release|Any CPU
		{71C949B3-493C-9DFE-AB38-19C13C100153}.Release|Any CPU.Build.0 = Release|Any CPU
		{AECBEAC1-3551-D6DE-7BFF-D7FB91513550}.Debug|Any CPU.ActiveCfg = Debug|Any CPU
		{AECBEAC1-3551-D6DE-7BFF-D7FB91513550}.Debug|Any CPU.Build.0 = Debug|Any CPU
		{AECBEAC1-3551-D6DE-7BFF-D7FB91513550}.Release|Any CPU.ActiveCfg = Release|Any CPU
		{AECBEAC1-3551-D6DE-7BFF-D7FB91513550}.Release|Any CPU.Build.0 = Release|Any CPU
	EndGlobalSection
	GlobalSection(SolutionProperties) = preSolution
		HideSolutionNode = FALSE
	EndGlobalSection
	GlobalSection(NestedProjects) = preSolution
		{AECBEAC1-3551-D6DE-7BFF-D7FB91513550} = {0AB3BF05-4346-4AA6-1389-037BE0695223}
	EndGlobalSection
	GlobalSection(ExtensibilityGlobals) = postSolution
		SolutionGuid = {D482EFAC-AAB7-4AC7-BA1B-FD7572B4A156}
	EndGlobalSection
EndGlobal
